
Microsoft Visual Studio Solution File, Format Version 12.00
# Visual Studio Version 16
VisualStudioVersion = 16.0.30225.117
MinimumVisualStudioVersion = 10.0.40219.1
Project("{FAE04EC0-301F-11D3-BF4B-00C04F79EFBC}") = "primo", "primo\primo.csproj", "{DCB9188D-6A18-4286-9985-374902DF3B32}"
EndProject
Global
	GlobalSection(SolutionConfigurationPlatforms) = preSolution
		Debug|Any CPU = Debug|Any CPU
		Release|Any CPU = Release|Any CPU
	EndGlobalSection
	GlobalSection(ProjectConfigurationPlatforms) = postSolution
		{DCB9188D-6A18-4286-9985-374902DF3B32}.Debug|Any CPU.ActiveCfg = Debug|Any CPU
		{DCB9188D-6A18-4286-9985-374902DF3B32}.Debug|Any CPU.Build.0 = Debug|Any CPU
		{DCB9188D-6A18-4286-9985-374902DF3B32}.Release|Any CPU.ActiveCfg = Release|Any CPU
		{DCB9188D-6A18-4286-9985-374902DF3B32}.Release|Any CPU.Build.0 = Release|Any CPU
	EndGlobalSection
	GlobalSection(SolutionProperties) = preSolution
		HideSolutionNode = FALSE
	EndGlobalSection
	GlobalSection(ExtensibilityGlobals) = postSolution
		SolutionGuid = {425FB92E-7569-4163-8920-6DAE0BE03873}
	EndGlobalSection
EndGlobal
